{
  "nodes": {
    "chez-src": {
      "flake": false,
      "locked": {
        "lastModified": 1778520543,
        "narHash": "sha256-/AQbCbjfIpZjgQJB2E1QXSOfcTGF24xfBDOyZDUWtO0=",
        "ref": "refs/tags/v10.4.1",
        "rev": "e95a7efbafa2cf3bd5343ea542e6bc909a7ab2c4",
        "revCount": 2525,
        "submodules": true,
        "type": "git",
        "url": "https://github.com/cisco/ChezScheme"
      },
      "original": {
        "ref": "refs/tags/v10.4.1",
        "submodules": true,
        "type": "git",
        "url": "https://github.com/cisco/ChezScheme"
      }
    },
    "crane": {
      "locked": {
        "lastModified": 1788465171,
        "narHash": "sha256-Y1/TTVXjYXGF068IThQH9fPSZ0SIE74PABlUxnWTUH0=",
        "owner": "ipetkov",
        "repo": "crane",
        "rev": "eb35abda9f232cc6610b1d1e3200d15c49b7ac54",
        "type": "github"
      },
      "original": {
        "owner": "ipetkov",
        "repo": "crane",
        "type": "github"
      }
    },
    "flake-compat": {
      "flake": false,
      "locked": {
        "lastModified": 1733328505,
        "narHash": "sha256-NeCCThCEP3eCl2l/+27kNNK7QrwZB1IJCrXfrbv5oqU=",
        "owner": "edolstra",
        "repo": "flake-compat",
        "rev": "ff81ac966bb2cae68946d5ed5fc4994f96d0ffec",
        "type": "github"
      },
      "original": {
        "owner": "edolstra",
        "repo": "flake-compat",
        "type": "github"
      }
    },
    "flake-utils": {
      "inputs": {
        "systems": "systems"
      },
      "locked": {
        "lastModified": 1731533236,
        "narHash": "sha256-l0KFg5HjrsfsO/JpG+r7fRrqm12kzFHyUHqHCVpMMbI=",
        "owner": "numtide",
        "repo": "flake-utils",
        "rev": "11707dc2f618dd54ca8739b309ec4fc024de578b",
        "type": "github"
      },
      "original": {
        "owner": "numtide",
        "repo": "flake-utils",
        "type": "github"
      }
    },
    "flake-utils_2": {
      "inputs": {
        "systems": "systems_2"
      },
      "locked": {
        "lastModified": 1731533236,
        "narHash": "sha256-l0KFg5HjrsfsO/JpG+r7fRrqm12kzFHyUHqHCVpMMbI=",
        "owner": "numtide",
        "repo": "flake-utils",
        "rev": "11707dc2f618dd54ca8739b309ec4fc024de578b",
        "type": "github"
      },
      "original": {
        "owner": "numtide",
        "repo": "flake-utils",
        "type": "github"
      }
    },
    "flake-utils_3": {
      "inputs": {
        "systems": "systems_3"
      },
      "locked": {
        "lastModified": 1731533236,
        "narHash": "sha256-l0KFg5HjrsfsO/JpG+r7fRrqm12kzFHyUHqHCVpMMbI=",
        "owner": "numtide",
        "repo": "flake-utils",
        "rev": "11707dc2f618dd54ca8739b309ec4fc024de578b",
        "type": "github"
      },
      "original": {
        "owner": "numtide",
        "repo": "flake-utils",
        "type": "github"
      }
    },
    "glimmer": {
      "flake": false,
      "locked": {
        "lastModified": 1788135429,
        "narHash": "sha256-20W4kmcL05O7V7EQKXuH+kVBpBtQZhhj5yTm9QqxQss=",
        "ref": "refs/heads/main",
        "rev": "399df371c790d690fb6e4560c3d4d7f838502857",
        "revCount": 32,
        "type": "git",
        "url": "https://gitlab.com/nandithebull/glimmer"
      },
      "original": {
        "rev": "399df371c790d690fb6e4560c3d4d7f838502857",
        "type": "git",
        "url": "https://gitlab.com/nandithebull/glimmer"
      }
    },
    "jolt-android-src": {
      "inputs": {
        "makes": "makes",
        "nixpkgs": [
          "nixpkgs"
        ]
      },
      "locked": {
        "lastModified": 1788137223,
        "narHash": "sha256-VeHi864PEtZoHRNA7ms9uaJb6+7nHvDyRXqLLPQ1tao=",
        "ref": "refs/heads/main",
        "rev": "2b80d68d1f7a31ba92b208b3957e5fb555617ada",
        "revCount": 2742,
        "submodules": true,
        "type": "git",
        "url": "https://gitlab.com/nandithebull/jolt"
      },
      "original": {
        "rev": "2b80d68d1f7a31ba92b208b3957e5fb555617ada",
        "submodules": true,
        "type": "git",
        "url": "https://gitlab.com/nandithebull/jolt"
      }
    },
    "jolt-native": {
      "inputs": {
        "crane": "crane",
        "flake-utils": "flake-utils",
        "nixpkgs": [
          "nixpkgs"
        ],
        "rust-overlay": "rust-overlay"
      },
      "locked": {
        "lastModified": 1788842653,
        "narHash": "sha256-x8MK9ftM0Ya0hh4luXEasLVaTbMUOI8NAevN7pgd/aE=",
        "ref": "refs/heads/main",
        "rev": "d970307ccf1fe67e2e971f2837d2282d8ba79a62",
        "revCount": 64,
        "type": "git",
        "url": "https://gitlab.com/nandithebull/jolt-native"
      },
      "original": {
        "rev": "d970307ccf1fe67e2e971f2837d2282d8ba79a62",
        "type": "git",
        "url": "https://gitlab.com/nandithebull/jolt-native"
      }
    },
    "jolt-native-android": {
      "flake": false,
      "locked": {
        "lastModified": 1788844464,
        "narHash": "sha256-HgVSQR2XiS3De/gP9Z1JZ2Tqj4yPzzN6mx2Xyp6DuRg=",
        "type": "tarball",
        "url": "https://gitlab.com/api/v4/projects/nandithebull%2Fjolt-native/packages/generic/jolt-native/latest/android-arm64-v8a.tar.gz"
      },
      "original": {
        "type": "tarball",
        "url": "https://gitlab.com/api/v4/projects/nandithebull%2Fjolt-native/packages/generic/jolt-native/latest/android-arm64-v8a.tar.gz"
      }
    },
    "jolt-src": {
      "inputs": {
        "makes": "makes_2",
        "nixpkgs": [
          "nixpkgs"
        ],
        "vendor-clojure-test-suite": "vendor-clojure-test-suite",
        "vendor-fs": "vendor-fs",
        "vendor-grenadine": "vendor-grenadine",
        "vendor-irregex": "vendor-irregex",
        "vendor-process": "vendor-process",
        "vendor-sci": "vendor-sci"
      },
      "locked": {
        "lastModified": 1788673555,
        "narHash": "sha256-QMHvZyLFzKCQsEqsBljLksrdxMc4g5ncBExJCVUoxzA=",
        "ref": "refs/heads/main",
        "rev": "b7b738b37b16532be2f539c22367bdfc3f4d708d",
        "revCount": 3026,
        "submodules": true,
        "type": "git",
        "url": "https://gitlab.com/nandithebull/jolt"
      },
      "original": {
        "submodules": true,
        "type": "git",
        "url": "https://gitlab.com/nandithebull/jolt"
      }
    },
    "makes": {
      "flake": false,
      "locked": {
        "lastModified": 1785480273,
        "narHash": "sha256-/g8O4PW0v3NNChKyrWw/EqpEAUCKiI9/KFE2EiXoUlA=",
        "owner": "makeplus",
        "repo": "makes",
        "rev": "d14cb578c2f04e6f9d00e01c7c4e416a9baf94e9",
        "type": "github"
      },
      "original": {
        "owner": "makeplus",
        "repo": "makes",
        "rev": "d14cb578c2f04e6f9d00e01c7c4e416a9baf94e9",
        "type": "github"
      }
    },
    "makes_2": {
      "flake": false,
      "locked": {
        "lastModified": 1785480273,
        "narHash": "sha256-/g8O4PW0v3NNChKyrWw/EqpEAUCKiI9/KFE2EiXoUlA=",
        "owner": "makeplus",
        "repo": "makes",
        "rev": "d14cb578c2f04e6f9d00e01c7c4e416a9baf94e9",
        "type": "github"
      },
      "original": {
        "owner": "makeplus",
        "repo": "makes",
        "rev": "d14cb578c2f04e6f9d00e01c7c4e416a9baf94e9",
        "type": "github"
      }
    },
    "nix-appimage": {
      "inputs": {
        "flake-compat": "flake-compat",
        "flake-utils": "flake-utils_2",
        "nixpkgs": [
          "nixpkgs"
        ]
      },
      "locked": {
        "lastModified": 1757920913,
        "narHash": "sha256-jd0QwCVz4O1sHHkeaZILD/7D6oyalceEJ4EFnWCgm0k=",
        "owner": "ralismark",
        "repo": "nix-appimage",
        "rev": "7946addbc0d97e358a6d7aefe5e82310f0fe6b18",
        "type": "github"
      },
      "original": {
        "owner": "ralismark",
        "repo": "nix-appimage",
        "type": "github"
      }
    },
    "nixgl": {
      "inputs": {
        "flake-utils": "flake-utils_3",
        "nixpkgs": [
          "nixpkgs"
        ]
      },
      "locked": {
        "lastModified": 1762090880,
        "narHash": "sha256-fbRQzIGPkjZa83MowjbD2ALaJf9y6KMDdJBQMKFeY/8=",
        "owner": "nix-community",
        "repo": "nixGL",
        "rev": "b6105297e6f0cd041670c3e8628394d4ee247ed5",
        "type": "github"
      },
      "original": {
        "owner": "nix-community",
        "repo": "nixGL",
        "type": "github"
      }
    },
    "nixpkgs": {
      "locked": {
        "lastModified": 1788039129,
        "narHash": "sha256-pa4Q0qErvCvzCaaUph7Sm37RhR4xvPrYI8Lgz6k85+A=",
        "owner": "NixOS",
        "repo": "nixpkgs",
        "rev": "d2f67949798825fe853f7c5d0492b8bf016d3f88",
        "type": "github"
      },
      "original": {
        "owner": "NixOS",
        "ref": "nixos-unstable",
        "repo": "nixpkgs",
        "type": "github"
      }
    },
    "root": {
      "inputs": {
        "chez-src": "chez-src",
        "glimmer": "glimmer",
        "jolt-android-src": "jolt-android-src",
        "jolt-native": "jolt-native",
        "jolt-native-android": "jolt-native-android",
        "jolt-src": "jolt-src",
        "nix-appimage": "nix-appimage",
        "nixgl": "nixgl",
        "nixpkgs": "nixpkgs"
      }
    },
    "rust-overlay": {
      "inputs": {
        "nixpkgs": [
          "jolt-native",
          "nixpkgs"
        ]
      },
      "locked": {
        "lastModified": 1788591095,
        "narHash": "sha256-Vh+BeLWfbTT9AecazIsQ/Tkg/RzJeX3lEduANf256WA=",
        "owner": "oxalica",
        "repo": "rust-overlay",
        "rev": "c361047d3a538f547f1617bb6b410411929ac9cc",
        "type": "github"
      },
      "original": {
        "owner": "oxalica",
        "repo": "rust-overlay",
        "type": "github"
      }
    },
    "systems": {
      "locked": {
        "lastModified": 1681028828,
        "narHash": "sha256-Vy1rq5AaRuLzOxct8nz4T6wlgyUR7zLU309k9mBC768=",
        "owner": "nix-systems",
        "repo": "default",
        "rev": "da67096a3b9bf56a91d16901293e51ba5b49a27e",
        "type": "github"
      },
      "original": {
        "owner": "nix-systems",
        "repo": "default",
        "type": "github"
      }
    },
    "systems_2": {
      "locked": {
        "lastModified": 1681028828,
        "narHash": "sha256-Vy1rq5AaRuLzOxct8nz4T6wlgyUR7zLU309k9mBC768=",
        "owner": "nix-systems",
        "repo": "default",
        "rev": "da67096a3b9bf56a91d16901293e51ba5b49a27e",
        "type": "github"
      },
      "original": {
        "owner": "nix-systems",
        "repo": "default",
        "type": "github"
      }
    },
    "systems_3": {
      "locked": {
        "lastModified": 1681028828,
        "narHash": "sha256-Vy1rq5AaRuLzOxct8nz4T6wlgyUR7zLU309k9mBC768=",
        "owner": "nix-systems",
        "repo": "default",
        "rev": "da67096a3b9bf56a91d16901293e51ba5b49a27e",
        "type": "github"
      },
      "original": {
        "owner": "nix-systems",
        "repo": "default",
        "type": "github"
      }
    },
    "vendor-clojure-test-suite": {
      "flake": false,
      "locked": {
        "lastModified": 1782670040,
        "narHash": "sha256-NzNoVBdImoxriFTD+qr42YjDfnBtUG1SG/K5VeyviXQ=",
        "owner": "jank-lang",
        "repo": "clojure-test-suite",
        "rev": "489b6743e8421687ef96cec557830acf258d1886",
        "type": "github"
      },
      "original": {
        "owner": "jank-lang",
        "repo": "clojure-test-suite",
        "rev": "489b6743e8421687ef96cec557830acf258d1886",
        "type": "github"
      }
    },
    "vendor-fs": {
      "flake": false,
      "locked": {
        "lastModified": 1783722973,
        "narHash": "sha256-cMUQmVOR6zxd96ndnQ9UXkit9Nt39eZzfI9HmQRsLtE=",
        "owner": "babashka",
        "repo": "fs",
        "rev": "5b273b8a943a622593fbc85fca6761c5a39d6d66",
        "type": "github"
      },
      "original": {
        "owner": "babashka",
        "repo": "fs",
        "rev": "5b273b8a943a622593fbc85fca6761c5a39d6d66",
        "type": "github"
      }
    },
    "vendor-grenadine": {
      "flake": false,
      "locked": {
        "lastModified": 1787000287,
        "narHash": "sha256-l1eO8B3F8GkgJP+OOzz2hFV0aCDox8dQI0jtiGdGEFo=",
        "owner": "clojurestar",
        "repo": "grenadine",
        "rev": "77992327c0b220c186ece61d74f7eb570978a6f5",
        "type": "github"
      },
      "original": {
        "owner": "clojurestar",
        "repo": "grenadine",
        "rev": "77992327c0b220c186ece61d74f7eb570978a6f5",
        "type": "github"
      }
    },
    "vendor-irregex": {
      "flake": false,
      "locked": {
        "lastModified": 1770512408,
        "narHash": "sha256-eii7VP3sJuirqxz3SbUorN/Xe+USan6AEjBI1qXt36c=",
        "owner": "ashinn",
        "repo": "irregex",
        "rev": "c948a704fc732914a243c1643bfe359913d11c7b",
        "type": "github"
      },
      "original": {
        "owner": "ashinn",
        "repo": "irregex",
        "rev": "c948a704fc732914a243c1643bfe359913d11c7b",
        "type": "github"
      }
    },
    "vendor-process": {
      "flake": false,
      "locked": {
        "lastModified": 1786767494,
        "narHash": "sha256-d9ei6RCU9cUoq9+108jKIsaL04/ODRzVdrMueDMnRPo=",
        "owner": "jolt-lang",
        "repo": "process",
        "rev": "7d881f3a3ec6d273cf014c8172dea037abb31da3",
        "type": "github"
      },
      "original": {
        "owner": "jolt-lang",
        "repo": "process",
        "rev": "7d881f3a3ec6d273cf014c8172dea037abb31da3",
        "type": "github"
      }
    },
    "vendor-sci": {
      "flake": false,
      "locked": {
        "lastModified": 1781990664,
        "narHash": "sha256-nBpQg7IkxmnfkOGpXEdloPbvLpEs0sdE79O/vhygzDo=",
        "owner": "borkdude",
        "repo": "sci",
        "rev": "32d62a5136ad3dc148588752f5bcc4cc30b14752",
        "type": "github"
      },
      "original": {
        "owner": "borkdude",
        "repo": "sci",
        "rev": "32d62a5136ad3dc148588752f5bcc4cc30b14752",
        "type": "github"
      }
    }
  },
  "root": "root",
  "version": 7
}
