{
  "nodes": {
    "chez-src": {
      "flake": false,
      "locked": {
        "lastModified": 1778520543,
        "narHash": "sha256-/AQbCbjfIpZjgQJB2E1QXSOfcTGF24xfBDOyZDUWtO0=",
        "ref": "refs/tags/v10.4.1",
        "rev": "e95a7efbafa2cf3bd5343ea542e6bc909a7ab2c4",
        "revCount": 2525,
        "submodules": true,
        "type": "git",
        "url": "https://github.com/cisco/ChezScheme"
      },
      "original": {
        "ref": "refs/tags/v10.4.1",
        "submodules": true,
        "type": "git",
        "url": "https://github.com/cisco/ChezScheme"
      }
    },
    "flake-compat": {
      "flake": false,
      "locked": {
        "lastModified": 1733328505,
        "narHash": "sha256-NeCCThCEP3eCl2l/+27kNNK7QrwZB1IJCrXfrbv5oqU=",
        "owner": "edolstra",
        "repo": "flake-compat",
        "rev": "ff81ac966bb2cae68946d5ed5fc4994f96d0ffec",
        "type": "github"
      },
      "original": {
        "owner": "edolstra",
        "repo": "flake-compat",
        "type": "github"
      }
    },
    "flake-utils": {
      "inputs": {
        "systems": "systems"
      },
      "locked": {
        "lastModified": 1731533236,
        "narHash": "sha256-l0KFg5HjrsfsO/JpG+r7fRrqm12kzFHyUHqHCVpMMbI=",
        "owner": "numtide",
        "repo": "flake-utils",
        "rev": "11707dc2f618dd54ca8739b309ec4fc024de578b",
        "type": "github"
      },
      "original": {
        "owner": "numtide",
        "repo": "flake-utils",
        "type": "github"
      }
    },
    "flake-utils_2": {
      "inputs": {
        "systems": "systems_2"
      },
      "locked": {
        "lastModified": 1731533236,
        "narHash": "sha256-l0KFg5HjrsfsO/JpG+r7fRrqm12kzFHyUHqHCVpMMbI=",
        "owner": "numtide",
        "repo": "flake-utils",
        "rev": "11707dc2f618dd54ca8739b309ec4fc024de578b",
        "type": "github"
      },
      "original": {
        "owner": "numtide",
        "repo": "flake-utils",
        "type": "github"
      }
    },
    "glimmer": {
      "flake": false,
      "locked": {
        "lastModified": 1788135429,
        "narHash": "sha256-20W4kmcL05O7V7EQKXuH+kVBpBtQZhhj5yTm9QqxQss=",
        "ref": "refs/heads/main",
        "rev": "399df371c790d690fb6e4560c3d4d7f838502857",
        "revCount": 32,
        "type": "git",
        "url": "https://gitlab.com/nandithebull/glimmer"
      },
      "original": {
        "rev": "399df371c790d690fb6e4560c3d4d7f838502857",
        "type": "git",
        "url": "https://gitlab.com/nandithebull/glimmer"
      }
    },
    "jolt-android-src": {
      "flake": false,
      "locked": {
        "lastModified": 1788137223,
        "narHash": "sha256-VeHi864PEtZoHRNA7ms9uaJb6+7nHvDyRXqLLPQ1tao=",
        "ref": "refs/heads/main",
        "rev": "2b80d68d1f7a31ba92b208b3957e5fb555617ada",
        "revCount": 2742,
        "submodules": true,
        "type": "git",
        "url": "https://gitlab.com/nandithebull/jolt"
      },
      "original": {
        "rev": "2b80d68d1f7a31ba92b208b3957e5fb555617ada",
        "submodules": true,
        "type": "git",
        "url": "https://gitlab.com/nandithebull/jolt"
      }
    },
    "jolt-native": {
      "flake": false,
      "locked": {
        "lastModified": 1788399042,
        "narHash": "sha256-8fqp7OGifbyaS8cKMlBou/NtH8/o5laGomF9Pmptxck=",
        "ref": "refs/heads/main",
        "rev": "00d32dd6bf0cde9cd73efa265c3057741d82e524",
        "revCount": 32,
        "type": "git",
        "url": "https://gitlab.com/nandithebull/jolt-native"
      },
      "original": {
        "rev": "00d32dd6bf0cde9cd73efa265c3057741d82e524",
        "type": "git",
        "url": "https://gitlab.com/nandithebull/jolt-native"
      }
    },
    "jolt-src": {
      "flake": false,
      "locked": {
        "lastModified": 1788135812,
        "narHash": "sha256-DvVmjNN09mfxp67Y9zOyXNbAIYR9h2gpuyTbdj777a8=",
        "ref": "refs/heads/main",
        "rev": "6f1d436f6e4cb1e2f878c5fc90c39a48a8bf4310",
        "revCount": 2803,
        "submodules": true,
        "type": "git",
        "url": "https://github.com/jolt-lang/jolt"
      },
      "original": {
        "submodules": true,
        "type": "git",
        "url": "https://github.com/jolt-lang/jolt"
      }
    },
    "nix-appimage": {
      "inputs": {
        "flake-compat": "flake-compat",
        "flake-utils": "flake-utils",
        "nixpkgs": [
          "nixpkgs"
        ]
      },
      "locked": {
        "lastModified": 1757920913,
        "narHash": "sha256-jd0QwCVz4O1sHHkeaZILD/7D6oyalceEJ4EFnWCgm0k=",
        "owner": "ralismark",
        "repo": "nix-appimage",
        "rev": "7946addbc0d97e358a6d7aefe5e82310f0fe6b18",
        "type": "github"
      },
      "original": {
        "owner": "ralismark",
        "repo": "nix-appimage",
        "type": "github"
      }
    },
    "nixgl": {
      "inputs": {
        "flake-utils": "flake-utils_2",
        "nixpkgs": [
          "nixpkgs"
        ]
      },
      "locked": {
        "lastModified": 1762090880,
        "narHash": "sha256-fbRQzIGPkjZa83MowjbD2ALaJf9y6KMDdJBQMKFeY/8=",
        "owner": "nix-community",
        "repo": "nixGL",
        "rev": "b6105297e6f0cd041670c3e8628394d4ee247ed5",
        "type": "github"
      },
      "original": {
        "owner": "nix-community",
        "repo": "nixGL",
        "type": "github"
      }
    },
    "nixpkgs": {
      "locked": {
        "lastModified": 1788039129,
        "narHash": "sha256-pa4Q0qErvCvzCaaUph7Sm37RhR4xvPrYI8Lgz6k85+A=",
        "owner": "NixOS",
        "repo": "nixpkgs",
        "rev": "d2f67949798825fe853f7c5d0492b8bf016d3f88",
        "type": "github"
      },
      "original": {
        "owner": "NixOS",
        "ref": "nixos-unstable",
        "repo": "nixpkgs",
        "type": "github"
      }
    },
    "root": {
      "inputs": {
        "chez-src": "chez-src",
        "glimmer": "glimmer",
        "jolt-android-src": "jolt-android-src",
        "jolt-native": "jolt-native",
        "jolt-src": "jolt-src",
        "nix-appimage": "nix-appimage",
        "nixgl": "nixgl",
        "nixpkgs": "nixpkgs"
      }
    },
    "systems": {
      "locked": {
        "lastModified": 1681028828,
        "narHash": "sha256-Vy1rq5AaRuLzOxct8nz4T6wlgyUR7zLU309k9mBC768=",
        "owner": "nix-systems",
        "repo": "default",
        "rev": "da67096a3b9bf56a91d16901293e51ba5b49a27e",
        "type": "github"
      },
      "original": {
        "owner": "nix-systems",
        "repo": "default",
        "type": "github"
      }
    },
    "systems_2": {
      "locked": {
        "lastModified": 1681028828,
        "narHash": "sha256-Vy1rq5AaRuLzOxct8nz4T6wlgyUR7zLU309k9mBC768=",
        "owner": "nix-systems",
        "repo": "default",
        "rev": "da67096a3b9bf56a91d16901293e51ba5b49a27e",
        "type": "github"
      },
      "original": {
        "owner": "nix-systems",
        "repo": "default",
        "type": "github"
      }
    }
  },
  "root": "root",
  "version": 7
}
